schema: '2.0'
stages:
  prepare_public_benchmark:
    cmd: python data/create_dataset.py
    deps:
    - path: data/create_dataset.py
      hash: md5
      md5: fdfbde9acb9b26e81e6ad32db5b55c2a
      size: 2736
    - path: data/raw/public_repo_security_peru_benchmark.xlsx
      hash: md5
      md5: 4a66534cc18e8256f9f19bb9130bc6b5
      size: 77642
    outs:
    - path: data/public_repo_security_benchmark.csv
      hash: md5
      md5: 6686b41f4d1fda0f939e9d42c7d4fa5b
      size: 30425
