schema: '2.0'
stages:
  prepare_public_benchmark:
    cmd: python data/create_dataset.py
    deps:
    - path: data/create_dataset.py
      hash: md5
      md5: d24b83cde2ddd5abec5fd91ca457d739
      size: 2676
    - path: data/raw/public_repo_security_peru_benchmark.xlsx
      hash: md5
      md5: 4a66534cc18e8256f9f19bb9130bc6b5
      size: 77642
    outs:
    - path: data/public_repo_security_benchmark.csv
      hash: md5
      md5: 96ca9aba435884a433f095ef467a61f2
      size: 30474
